
Microsoft Visual Studio Solution File, Format Version 9.00
# Visual Studio 2005
Project("{FAE04EC0-301F-11D3-BF4B-00C04F79EFBC}") = "TestExcelAutomationAddin", "TestExcelAutomationAddin\TestExcelAutomationAddin.csproj", "{289016DA-7DB7-41B5-88C5-A12D4520C4C4}"
EndProject
Project("{54435603-DBB4-11D2-8724-00A0C9A8B90C}") = "TestExcelAutomationAddinSetup", "TestExcelAutomationAddinSetup\TestExcelAutomationAddinSetup.vdproj", "{EABFFE39-EECC-4919-B836-11213D7B2666}"
EndProject
Global
	GlobalSection(SolutionConfigurationPlatforms) = preSolution
		Debug|Any CPU = Debug|Any CPU
		Release|Any CPU = Release|Any CPU
	EndGlobalSection
	GlobalSection(ProjectConfigurationPlatforms) = postSolution
		{289016DA-7DB7-41B5-88C5-A12D4520C4C4}.Debug|Any CPU.ActiveCfg = Debug|Any CPU
		{289016DA-7DB7-41B5-88C5-A12D4520C4C4}.Debug|Any CPU.Build.0 = Debug|Any CPU
		{289016DA-7DB7-41B5-88C5-A12D4520C4C4}.Release|Any CPU.ActiveCfg = Release|Any CPU
		{289016DA-7DB7-41B5-88C5-A12D4520C4C4}.Release|Any CPU.Build.0 = Release|Any CPU
		{EABFFE39-EECC-4919-B836-11213D7B2666}.Debug|Any CPU.ActiveCfg = Debug
		{EABFFE39-EECC-4919-B836-11213D7B2666}.Release|Any CPU.ActiveCfg = Release
	EndGlobalSection
	GlobalSection(SolutionProperties) = preSolution
		HideSolutionNode = FALSE
	EndGlobalSection
EndGlobal
