
Microsoft Visual Studio Solution File, Format Version 11.00
# Visual Studio 2005
Project("{FAE04EC0-301F-11D3-BF4B-00C04F79EFBC}") = "TestBlogAddin", "TestBlogAddin\TestBlogAddin.csproj", "{88CE063A-DEEA-4F70-810B-96940CDAEFEB}"
EndProject
Project("{54435603-DBB4-11D2-8724-00A0C9A8B90C}") = "TestBlogAddinSetup", "TestBlogAddinSetup\TestBlogAddinSetup.vdproj", "{81F91010-A4F3-4EC5-B84B-DC7D9C0B19E9}"
EndProject
Global
	GlobalSection(SolutionConfigurationPlatforms) = preSolution
		Debug|Any CPU = Debug|Any CPU
		Release|Any CPU = Release|Any CPU
	EndGlobalSection
	GlobalSection(ProjectConfigurationPlatforms) = postSolution
		{88CE063A-DEEA-4F70-810B-96940CDAEFEB}.Debug|Any CPU.ActiveCfg = Debug|Any CPU
		{88CE063A-DEEA-4F70-810B-96940CDAEFEB}.Debug|Any CPU.Build.0 = Debug|Any CPU
		{88CE063A-DEEA-4F70-810B-96940CDAEFEB}.Release|Any CPU.ActiveCfg = Release|Any CPU
		{88CE063A-DEEA-4F70-810B-96940CDAEFEB}.Release|Any CPU.Build.0 = Release|Any CPU
		{81F91010-A4F3-4EC5-B84B-DC7D9C0B19E9}.Debug|Any CPU.ActiveCfg = Debug
		{81F91010-A4F3-4EC5-B84B-DC7D9C0B19E9}.Release|Any CPU.ActiveCfg = Release
	EndGlobalSection
	GlobalSection(SolutionProperties) = preSolution
		HideSolutionNode = FALSE
	EndGlobalSection
EndGlobal
