Microsoft Visual Studio Solution File, Format Version 9.00
# Visual Studio 2005
Project("{FAE04EC0-301F-11D3-BF4B-00C04F79EFBC}") = "TestRealTimeData", "TestRealTimeData\TestRealTimeData.csproj", "{85E26AD0-EBFA-430D-9B11-2F1F8EC30F02}"
EndProject
Project("{2150E333-8FDC-42A3-9474-1A3956D46DE8}") = "Solution Items", "Solution Items", "{49DD0BE3-2A92-4CB7-8B2E-6F0E5DAD2029}"
	ProjectSection(SolutionItems) = preProject
		TestRealTimeData.xls = TestRealTimeData.xls
	EndProjectSection
EndProject
Global
	GlobalSection(SolutionConfigurationPlatforms) = preSolution
		Debug|Any CPU = Debug|Any CPU
		Release|Any CPU = Release|Any CPU
	EndGlobalSection
	GlobalSection(ProjectConfigurationPlatforms) = postSolution
		{85E26AD0-EBFA-430D-9B11-2F1F8EC30F02}.Debug|Any CPU.ActiveCfg = Debug|Any CPU
		{85E26AD0-EBFA-430D-9B11-2F1F8EC30F02}.Debug|Any CPU.Build.0 = Debug|Any CPU
		{85E26AD0-EBFA-430D-9B11-2F1F8EC30F02}.Release|Any CPU.ActiveCfg = Release|Any CPU
		{85E26AD0-EBFA-430D-9B11-2F1F8EC30F02}.Release|Any CPU.Build.0 = Release|Any CPU
	EndGlobalSection
	GlobalSection(SolutionProperties) = preSolution
		HideSolutionNode = FALSE
	EndGlobalSection
EndGlobal
