Microsoft Visual Studio Solution File, Format Version 11.00
# Visual Studio 2005
Project("{FAE04EC0-301F-11D3-BF4B-00C04F79EFBC}") = "TestAddin", "TestAddin\TestAddin.csproj", "{EB153500-C03B-45E2-A10D-1C44C7BCF996}"
EndProject
Project("{54435603-DBB4-11D2-8724-00A0C9A8B90C}") = "TestAddinSetup", "TestAddinSetup\TestAddinSetup.vdproj", "{8F3E1B9F-F140-4952-BC17-C661DF3D6B15}"
EndProject
Global
	GlobalSection(SolutionConfigurationPlatforms) = preSolution
		Debug|Any CPU = Debug|Any CPU
		Release|Any CPU = Release|Any CPU
	EndGlobalSection
	GlobalSection(ProjectConfigurationPlatforms) = postSolution
		{EB153500-C03B-45E2-A10D-1C44C7BCF996}.Debug|Any CPU.ActiveCfg = Debug|Any CPU
		{EB153500-C03B-45E2-A10D-1C44C7BCF996}.Debug|Any CPU.Build.0 = Debug|Any CPU
		{EB153500-C03B-45E2-A10D-1C44C7BCF996}.Release|Any CPU.ActiveCfg = Release|Any CPU
		{EB153500-C03B-45E2-A10D-1C44C7BCF996}.Release|Any CPU.Build.0 = Release|Any CPU
		{8F3E1B9F-F140-4952-BC17-C661DF3D6B15}.Debug|Any CPU.ActiveCfg = Debug
		{8F3E1B9F-F140-4952-BC17-C661DF3D6B15}.Release|Any CPU.ActiveCfg = Release
	EndGlobalSection
	GlobalSection(SolutionProperties) = preSolution
		HideSolutionNode = FALSE
	EndGlobalSection
EndGlobal
