
Microsoft Visual Studio Solution File, Format Version 9.00
# Visual Studio 2005
Project("{FAE04EC0-301F-11D3-BF4B-00C04F79EFBC}") = "TestExcel2007Addin", "TestExcel2007Addin\TestExcel2007Addin.csproj", "{312AFBBB-1D20-4940-83D8-62F0AC21B4D2}"
EndProject
Project("{54435603-DBB4-11D2-8724-00A0C9A8B90C}") = "TestExcel2007AddinSetup", "TestExcel2007AddinSetup\TestExcel2007AddinSetup.vdproj", "{3125333E-F00A-45B9-9F7B-95C0C9ED3E54}"
EndProject
Global
	GlobalSection(SolutionConfigurationPlatforms) = preSolution
		Debug|Any CPU = Debug|Any CPU
		Release|Any CPU = Release|Any CPU
	EndGlobalSection
	GlobalSection(ProjectConfigurationPlatforms) = postSolution
		{312AFBBB-1D20-4940-83D8-62F0AC21B4D2}.Debug|Any CPU.ActiveCfg = Debug|Any CPU
		{312AFBBB-1D20-4940-83D8-62F0AC21B4D2}.Debug|Any CPU.Build.0 = Debug|Any CPU
		{312AFBBB-1D20-4940-83D8-62F0AC21B4D2}.Release|Any CPU.ActiveCfg = Release|Any CPU
		{312AFBBB-1D20-4940-83D8-62F0AC21B4D2}.Release|Any CPU.Build.0 = Release|Any CPU
		{3125333E-F00A-45B9-9F7B-95C0C9ED3E54}.Debug|Any CPU.ActiveCfg = Debug
		{3125333E-F00A-45B9-9F7B-95C0C9ED3E54}.Release|Any CPU.ActiveCfg = Release
	EndGlobalSection
	GlobalSection(SolutionProperties) = preSolution
		HideSolutionNode = FALSE
	EndGlobalSection
EndGlobal
