Microsoft Visual Studio Solution File, Format Version 9.00
# Visual Studio 2005
Project("{FAE04EC0-301F-11D3-BF4B-00C04F79EFBC}") = "TestSmartTagRecognizerAction", "TestSmartTagRecognizerAction\TestSmartTagRecognizerAction.csproj", "{FF92973B-4D32-4DE3-8205-B4BD37BFC665}"
EndProject
Project("{2150E333-8FDC-42A3-9474-1A3956D46DE8}") = "Solution Items", "Solution Items", "{CEA21328-E8A5-4B70-BC3F-731818450EFC}"
	ProjectSection(SolutionItems) = preProject
		TestSmartTagData.xls = TestSmartTagData.xls
		TestSmartTagRecognizerAction.reg = TestSmartTagRecognizerAction.reg
	EndProjectSection
EndProject
Global
	GlobalSection(SolutionConfigurationPlatforms) = preSolution
		Debug|Any CPU = Debug|Any CPU
		Release|Any CPU = Release|Any CPU
	EndGlobalSection
	GlobalSection(ProjectConfigurationPlatforms) = postSolution
		{FF92973B-4D32-4DE3-8205-B4BD37BFC665}.Debug|Any CPU.ActiveCfg = Debug|Any CPU
		{FF92973B-4D32-4DE3-8205-B4BD37BFC665}.Debug|Any CPU.Build.0 = Debug|Any CPU
		{FF92973B-4D32-4DE3-8205-B4BD37BFC665}.Release|Any CPU.ActiveCfg = Release|Any CPU
		{FF92973B-4D32-4DE3-8205-B4BD37BFC665}.Release|Any CPU.Build.0 = Release|Any CPU
	EndGlobalSection
	GlobalSection(SolutionProperties) = preSolution
		HideSolutionNode = FALSE
	EndGlobalSection
EndGlobal
